# THIS IS AN AUTOGENERATED FILE. DO NOT EDIT THIS FILE DIRECTLY.
# yarn lockfile v1


"@angular/common@~2.2.0":
  version "2.2.4"
  resolved "https://registry.yarnpkg.com/@angular/common/-/common-2.2.4.tgz#0e798cce826ba304d3b29556527a1a531f407159"

"@angular/compiler@~2.2.0":
  version "2.2.4"
  resolved "https://registry.yarnpkg.com/@angular/compiler/-/compiler-2.2.4.tgz#40e8db5f801939ddc1a163079dc71b3be81a06ae"

"@angular/core@~2.2.0":
  version "2.2.4"
  resolved "https://registry.yarnpkg.com/@angular/core/-/core-2.2.4.tgz#d00d5cfc734fd610cbafc14eb0749c957f004aa9"

"@angular/forms@~2.2.0":
  version "2.2.4"
  resolved "https://registry.yarnpkg.com/@angular/forms/-/forms-2.2.4.tgz#95f15ca1938879298ccc0ef8a3e9ef5e750e31ef"

"@angular/http@~2.2.0":
  version "2.2.4"
  resolved "https://registry.yarnpkg.com/@angular/http/-/http-2.2.4.tgz#ccfeb3f805e0628f6bb9efa129ef432d79548c63"

"@angular/platform-browser-dynamic@~2.2.0":
  version "2.2.4"
  resolved "https://registry.yarnpkg.com/@angular/platform-browser-dynamic/-/platform-browser-dynamic-2.2.4.tgz#4895cc035ab393ec9e74e7684211a9209ea86825"

"@angular/platform-browser@~2.2.0":
  version "2.2.4"
  resolved "https://registry.yarnpkg.com/@angular/platform-browser/-/platform-browser-2.2.4.tgz#6041e02c7ed62622c926060869506705f79fb5fb"

"@angular/router@~3.2.0":
  version "3.2.4"
  resolved "https://registry.yarnpkg.com/@angular/router/-/router-3.2.4.tgz#dfec71ad072ec031364ba5d08bd6fe03fd5beadc"

"@angular/upgrade@~2.2.0":
  version "2.2.4"
  resolved "https://registry.yarnpkg.com/@angular/upgrade/-/upgrade-2.2.4.tgz#f825b2fd6d133bdff9a759566809e4af635288be"

"@types/core-js@~0.9.34":
  version "0.9.35"
  resolved "https://registry.yarnpkg.com/@types/core-js/-/core-js-0.9.35.tgz#444064e63711cdcc62ea844d27642f6efc2285f2"

"@types/node@~6.0.46":
  version "6.0.62"
  resolved "https://registry.yarnpkg.com/@types/node/-/node-6.0.62.tgz#85222c077b54f25b57417bb708b9f877bda37f89"

accepts@~1.2.12:
  version "1.2.13"
  resolved "https://registry.yarnpkg.com/accepts/-/accepts-1.2.13.tgz#e5f1f3928c6d95fd96558c36ec3d9d0de4a6ecea"
  dependencies:
    mime-types "~2.1.6"
    negotiator "0.5.3"

ansi-regex@^0.2.0, ansi-regex@^0.2.1:
  version "0.2.1"
  resolved "https://registry.yarnpkg.com/ansi-regex/-/ansi-regex-0.2.1.tgz#0d8e946967a3d8143f93e24e298525fc1b2235f9"

ansi-styles@^1.1.0:
  version "1.1.0"
  resolved "https://registry.yarnpkg.com/ansi-styles/-/ansi-styles-1.1.0.tgz#eaecbf66cd706882760b2f4691582b8f55d7a7de"

array-flatten@1.1.1:
  version "1.1.1"
  resolved "https://registry.yarnpkg.com/array-flatten/-/array-flatten-1.1.1.tgz#9a5f699051b1e7073328f2a008968b64ea2955d2"

base64-url@1.2.1:
  version "1.2.1"
  resolved "https://registry.yarnpkg.com/base64-url/-/base64-url-1.2.1.tgz#199fd661702a0e7b7dcae6e0698bb089c52f6d78"

basic-auth@~1.0.3:
  version "1.0.4"
  resolved "https://registry.yarnpkg.com/basic-auth/-/basic-auth-1.0.4.tgz#030935b01de7c9b94a824b29f3fccb750d3a5290"

bluebird@2.9.6:
  version "2.9.6"
  resolved "https://registry.yarnpkg.com/bluebird/-/bluebird-2.9.6.tgz#1fc3a6b1685267dc121b5ec89b32ce069d81ab7d"

body-parser@1.15.0:
  version "1.15.0"
  resolved "https://registry.yarnpkg.com/body-parser/-/body-parser-1.15.0.tgz#8168abaeaf9e77e300f7b3aef4df4b46e9b21b35"
  dependencies:
    bytes "2.2.0"
    content-type "~1.0.1"
    debug "~2.2.0"
    depd "~1.1.0"
    http-errors "~1.4.0"
    iconv-lite "0.4.13"
    on-finished "~2.3.0"
    qs "6.1.0"
    raw-body "~2.1.5"
    type-is "~1.6.11"

bootstrap@^3.3.6:
  version "3.3.7"
  resolved "https://registry.yarnpkg.com/bootstrap/-/bootstrap-3.3.7.tgz#5a389394549f23330875a3b150656574f8a9eb71"

bytes@2.2.0:
  version "2.2.0"
  resolved "https://registry.yarnpkg.com/bytes/-/bytes-2.2.0.tgz#fd35464a403f6f9117c2de3609ecff9cae000588"

bytes@2.4.0:
  version "2.4.0"
  resolved "https://registry.yarnpkg.com/bytes/-/bytes-2.4.0.tgz#7d97196f9d5baf7f6935e25985549edd2a6c2339"

chalk@0.5.1:
  version "0.5.1"
  resolved "https://registry.yarnpkg.com/chalk/-/chalk-0.5.1.tgz#663b3a648b68b55d04690d49167aa837858f2174"
  dependencies:
    ansi-styles "^1.1.0"
    escape-string-regexp "^1.0.0"
    has-ansi "^0.1.0"
    strip-ansi "^0.3.0"
    supports-color "^0.2.0"

commander@2.6.0:
  version "2.6.0"
  resolved "https://registry.yarnpkg.com/commander/-/commander-2.6.0.tgz#9df7e52fb2a0cb0fb89058ee80c3104225f37e1d"

concurrently@2.2.0:
  version "2.2.0"
  resolved "https://registry.yarnpkg.com/concurrently/-/concurrently-2.2.0.tgz#bad248e0bb129fb1621768903a6311d45d56895a"
  dependencies:
    bluebird "2.9.6"
    chalk "0.5.1"
    commander "2.6.0"
    cross-spawn "^0.2.9"
    lodash "^4.5.1"
    moment "^2.11.2"
    rx "2.3.24"

content-disposition@0.5.1:
  version "0.5.1"
  resolved "https://registry.yarnpkg.com/content-disposition/-/content-disposition-0.5.1.tgz#87476c6a67c8daa87e32e87616df883ba7fb071b"

content-type@~1.0.1:
  version "1.0.2"
  resolved "https://registry.yarnpkg.com/content-type/-/content-type-1.0.2.tgz#b7d113aee7a8dd27bd21133c4dc2529df1721eed"

cookie-parser@1.4.1:
  version "1.4.1"
  resolved "https://registry.yarnpkg.com/cookie-parser/-/cookie-parser-1.4.1.tgz#6b0ee6a8dec27a063af42d188a592cc1d72ba4f4"
  dependencies:
    cookie "0.2.3"
    cookie-signature "1.0.6"

cookie-signature@1.0.6:
  version "1.0.6"
  resolved "https://registry.yarnpkg.com/cookie-signature/-/cookie-signature-1.0.6.tgz#e303a882b342cc3ee8ca513a79999734dab3ae2c"

cookie@0.1.5:
  version "0.1.5"
  resolved "https://registry.yarnpkg.com/cookie/-/cookie-0.1.5.tgz#6ab9948a4b1ae21952cd2588530a4722d4044d7c"

cookie@0.2.3:
  version "0.2.3"
  resolved "https://registry.yarnpkg.com/cookie/-/cookie-0.2.3.tgz#1a59536af68537a21178a01346f87cb059d2ae5c"

core-js@~2.4.1:
  version "2.4.1"
  resolved "https://registry.yarnpkg.com/core-js/-/core-js-2.4.1.tgz#4de911e667b0eae9124e34254b53aea6fc618d3e"

crc@3.4.0:
  version "3.4.0"
  resolved "https://registry.yarnpkg.com/crc/-/crc-3.4.0.tgz#4258e351613a74ef1153dfcb05e820c3e9715d7f"

cross-spawn@^0.2.9:
  version "0.2.9"
  resolved "https://registry.yarnpkg.com/cross-spawn/-/cross-spawn-0.2.9.tgz#bd67f96c07efb6303b7fe94c1e979f88478e0a39"
  dependencies:
    lru-cache "^2.5.0"

debug@~2.2.0:
  version "2.2.0"
  resolved "https://registry.yarnpkg.com/debug/-/debug-2.2.0.tgz#f87057e995b1a1f6ae6a4960664137bc56f039da"
  dependencies:
    ms "0.7.1"

depd@~1.1.0:
  version "1.1.0"
  resolved "https://registry.yarnpkg.com/depd/-/depd-1.1.0.tgz#e1bd82c6aab6ced965b97b88b17ed3e528ca18c3"

destroy@~1.0.4:
  version "1.0.4"
  resolved "https://registry.yarnpkg.com/destroy/-/destroy-1.0.4.tgz#978857442c44749e4206613e37946205826abd80"

ee-first@1.1.1:
  version "1.1.1"
  resolved "https://registry.yarnpkg.com/ee-first/-/ee-first-1.1.1.tgz#590c61156b0ae2f4f0255732a158b266bc56b21d"

escape-html@~1.0.3:
  version "1.0.3"
  resolved "https://registry.yarnpkg.com/escape-html/-/escape-html-1.0.3.tgz#0258eae4d3d0c0974de1c169188ef0051d1d1988"

escape-string-regexp@^1.0.0:
  version "1.0.5"
  resolved "https://registry.yarnpkg.com/escape-string-regexp/-/escape-string-regexp-1.0.5.tgz#1b61c0562190a8dff6ae3bb2cf0200ca130b86d4"

etag@~1.7.0:
  version "1.7.0"
  resolved "https://registry.yarnpkg.com/etag/-/etag-1.7.0.tgz#03d30b5f67dd6e632d2945d30d6652731a34d5d8"

express-session@1.13.0:
  version "1.13.0"
  resolved "https://registry.yarnpkg.com/express-session/-/express-session-1.13.0.tgz#8ac3b5c0188b48382851d88207b8e7746efb4011"
  dependencies:
    cookie "0.2.3"
    cookie-signature "1.0.6"
    crc "3.4.0"
    debug "~2.2.0"
    depd "~1.1.0"
    on-headers "~1.0.1"
    parseurl "~1.3.0"
    uid-safe "~2.0.0"
    utils-merge "1.0.0"

express@4.13.4:
  version "4.13.4"
  resolved "https://registry.yarnpkg.com/express/-/express-4.13.4.tgz#3c0b76f3c77590c8345739061ec0bd3ba067ec24"
  dependencies:
    accepts "~1.2.12"
    array-flatten "1.1.1"
    content-disposition "0.5.1"
    content-type "~1.0.1"
    cookie "0.1.5"
    cookie-signature "1.0.6"
    debug "~2.2.0"
    depd "~1.1.0"
    escape-html "~1.0.3"
    etag "~1.7.0"
    finalhandler "0.4.1"
    fresh "0.3.0"
    merge-descriptors "1.0.1"
    methods "~1.1.2"
    on-finished "~2.3.0"
    parseurl "~1.3.1"
    path-to-regexp "0.1.7"
    proxy-addr "~1.0.10"
    qs "4.0.0"
    range-parser "~1.0.3"
    send "0.13.1"
    serve-static "~1.10.2"
    type-is "~1.6.6"
    utils-merge "1.0.0"
    vary "~1.0.1"

finalhandler@0.4.1:
  version "0.4.1"
  resolved "https://registry.yarnpkg.com/finalhandler/-/finalhandler-0.4.1.tgz#85a17c6c59a94717d262d61230d4b0ebe3d4a14d"
  dependencies:
    debug "~2.2.0"
    escape-html "~1.0.3"
    on-finished "~2.3.0"
    unpipe "~1.0.0"

forwarded@~0.1.0:
  version "0.1.0"
  resolved "https://registry.yarnpkg.com/forwarded/-/forwarded-0.1.0.tgz#19ef9874c4ae1c297bcf078fde63a09b66a84363"

fresh@0.3.0:
  version "0.3.0"
  resolved "https://registry.yarnpkg.com/fresh/-/fresh-0.3.0.tgz#651f838e22424e7566de161d8358caa199f83d4f"

has-ansi@^0.1.0:
  version "0.1.0"
  resolved "https://registry.yarnpkg.com/has-ansi/-/has-ansi-0.1.0.tgz#84f265aae8c0e6a88a12d7022894b7568894c62e"
  dependencies:
    ansi-regex "^0.2.0"

http-errors@~1.3.1:
  version "1.3.1"
  resolved "https://registry.yarnpkg.com/http-errors/-/http-errors-1.3.1.tgz#197e22cdebd4198585e8694ef6786197b91ed942"
  dependencies:
    inherits "~2.0.1"
    statuses "1"

http-errors@~1.4.0:
  version "1.4.0"
  resolved "https://registry.yarnpkg.com/http-errors/-/http-errors-1.4.0.tgz#6c0242dea6b3df7afda153c71089b31c6e82aabf"
  dependencies:
    inherits "2.0.1"
    statuses ">= 1.2.1 < 2"

iconv-lite@0.4.13:
  version "0.4.13"
  resolved "https://registry.yarnpkg.com/iconv-lite/-/iconv-lite-0.4.13.tgz#1f88aba4ab0b1508e8312acc39345f36e992e2f2"

inherits@2.0.1, inherits@~2.0.1:
  version "2.0.1"
  resolved "https://registry.yarnpkg.com/inherits/-/inherits-2.0.1.tgz#b17d08d326b4423e568eff719f91b0b1cbdf69f1"

ipaddr.js@1.0.5:
  version "1.0.5"
  resolved "https://registry.yarnpkg.com/ipaddr.js/-/ipaddr.js-1.0.5.tgz#5fa78cf301b825c78abc3042d812723049ea23c7"

jquery@^2.2.4:
  version "2.2.4"
  resolved "https://registry.yarnpkg.com/jquery/-/jquery-2.2.4.tgz#2c89d6889b5eac522a7eea32c14521559c6cbf02"

lodash@^4.5.1:
  version "4.17.4"
  resolved "https://registry.yarnpkg.com/lodash/-/lodash-4.17.4.tgz#78203a4d1c328ae1d86dca6460e369b57f4055ae"

lru-cache@^2.5.0:
  version "2.7.3"
  resolved "https://registry.yarnpkg.com/lru-cache/-/lru-cache-2.7.3.tgz#6d4524e8b955f95d4f5b58851ce21dd72fb4e952"

media-typer@0.3.0:
  version "0.3.0"
  resolved "https://registry.yarnpkg.com/media-typer/-/media-typer-0.3.0.tgz#8710d7af0aa626f8fffa1ce00168545263255748"

merge-descriptors@1.0.1:
  version "1.0.1"
  resolved "https://registry.yarnpkg.com/merge-descriptors/-/merge-descriptors-1.0.1.tgz#b00aaa556dd8b44568150ec9d1b953f3f90cbb61"

methods@~1.1.2:
  version "1.1.2"
  resolved "https://registry.yarnpkg.com/methods/-/methods-1.1.2.tgz#5529a4d67654134edcc5266656835b0f851afcee"

mime-db@~1.26.0:
  version "1.26.0"
  resolved "https://registry.yarnpkg.com/mime-db/-/mime-db-1.26.0.tgz#eaffcd0e4fc6935cf8134da246e2e6c35305adff"

mime-types@~2.1.13, mime-types@~2.1.6:
  version "2.1.14"
  resolved "https://registry.yarnpkg.com/mime-types/-/mime-types-2.1.14.tgz#f7ef7d97583fcaf3b7d282b6f8b5679dab1e94ee"
  dependencies:
    mime-db "~1.26.0"

mime@1.3.4:
  version "1.3.4"
  resolved "https://registry.yarnpkg.com/mime/-/mime-1.3.4.tgz#115f9e3b6b3daf2959983cb38f149a2d40eb5d53"

moment@^2.11.2:
  version "2.17.1"
  resolved "https://registry.yarnpkg.com/moment/-/moment-2.17.1.tgz#fed9506063f36b10f066c8b59a144d7faebe1d82"

morgan@1.7.0:
  version "1.7.0"
  resolved "https://registry.yarnpkg.com/morgan/-/morgan-1.7.0.tgz#eb10ca8e50d1abe0f8d3dad5c0201d052d981c62"
  dependencies:
    basic-auth "~1.0.3"
    debug "~2.2.0"
    depd "~1.1.0"
    on-finished "~2.3.0"
    on-headers "~1.0.1"

ms@0.7.1:
  version "0.7.1"
  resolved "https://registry.yarnpkg.com/ms/-/ms-0.7.1.tgz#9cd13c03adbff25b65effde7ce864ee952017098"

negotiator@0.5.3:
  version "0.5.3"
  resolved "https://registry.yarnpkg.com/negotiator/-/negotiator-0.5.3.tgz#269d5c476810ec92edbe7b6c2f28316384f9a7e8"

ng2f-bootstrap@~0.0.4:
  version "0.0.4"
  resolved "https://registry.yarnpkg.com/ng2f-bootstrap/-/ng2f-bootstrap-0.0.4.tgz#1d3f91e80b628fce48875b9e4f73b7147559827a"
  dependencies:
    bootstrap "^3.3.6"
    jquery "^2.2.4"

ng2f-server@~0.2.3:
  version "0.2.4"
  resolved "https://registry.yarnpkg.com/ng2f-server/-/ng2f-server-0.2.4.tgz#4cd53a190842d05fca126f3fb6bffdd34fa25275"
  dependencies:
    body-parser "1.15.0"
    cookie-parser "1.4.1"
    express "4.13.4"
    express-session "1.13.0"
    morgan "1.7.0"
    passport "0.3.2"
    passport-local "1.0.0"

on-finished@~2.3.0:
  version "2.3.0"
  resolved "https://registry.yarnpkg.com/on-finished/-/on-finished-2.3.0.tgz#20f1336481b083cd75337992a16971aa2d906947"
  dependencies:
    ee-first "1.1.1"

on-headers@~1.0.1:
  version "1.0.1"
  resolved "https://registry.yarnpkg.com/on-headers/-/on-headers-1.0.1.tgz#928f5d0f470d49342651ea6794b0857c100693f7"

parseurl@~1.3.0, parseurl@~1.3.1:
  version "1.3.1"
  resolved "https://registry.yarnpkg.com/parseurl/-/parseurl-1.3.1.tgz#c8ab8c9223ba34888aa64a297b28853bec18da56"

passport-local@1.0.0:
  version "1.0.0"
  resolved "https://registry.yarnpkg.com/passport-local/-/passport-local-1.0.0.tgz#1fe63268c92e75606626437e3b906662c15ba6ee"
  dependencies:
    passport-strategy "1.x.x"

passport-strategy@1.x.x:
  version "1.0.0"
  resolved "https://registry.yarnpkg.com/passport-strategy/-/passport-strategy-1.0.0.tgz#b5539aa8fc225a3d1ad179476ddf236b440f52e4"

passport@0.3.2:
  version "0.3.2"
  resolved "https://registry.yarnpkg.com/passport/-/passport-0.3.2.tgz#9dd009f915e8fe095b0124a01b8f82da07510102"
  dependencies:
    passport-strategy "1.x.x"
    pause "0.0.1"

path-to-regexp@0.1.7:
  version "0.1.7"
  resolved "https://registry.yarnpkg.com/path-to-regexp/-/path-to-regexp-0.1.7.tgz#df604178005f522f15eb4490e7247a1bfaa67f8c"

pause@0.0.1:
  version "0.0.1"
  resolved "https://registry.yarnpkg.com/pause/-/pause-0.0.1.tgz#1d408b3fdb76923b9543d96fb4c9dfd535d9cb5d"

proxy-addr@~1.0.10:
  version "1.0.10"
  resolved "https://registry.yarnpkg.com/proxy-addr/-/proxy-addr-1.0.10.tgz#0d40a82f801fc355567d2ecb65efe3f077f121c5"
  dependencies:
    forwarded "~0.1.0"
    ipaddr.js "1.0.5"

qs@4.0.0:
  version "4.0.0"
  resolved "https://registry.yarnpkg.com/qs/-/qs-4.0.0.tgz#c31d9b74ec27df75e543a86c78728ed8d4623607"

qs@6.1.0:
  version "6.1.0"
  resolved "https://registry.yarnpkg.com/qs/-/qs-6.1.0.tgz#ec1d1626b24278d99f0fdf4549e524e24eceeb26"

range-parser@~1.0.3:
  version "1.0.3"
  resolved "https://registry.yarnpkg.com/range-parser/-/range-parser-1.0.3.tgz#6872823535c692e2c2a0103826afd82c2e0ff175"

raw-body@~2.1.5:
  version "2.1.7"
  resolved "https://registry.yarnpkg.com/raw-body/-/raw-body-2.1.7.tgz#adfeace2e4fb3098058014d08c072dcc59758774"
  dependencies:
    bytes "2.4.0"
    iconv-lite "0.4.13"
    unpipe "1.0.0"

reflect-metadata@~0.1.8:
  version "0.1.9"
  resolved "https://registry.yarnpkg.com/reflect-metadata/-/reflect-metadata-0.1.9.tgz#987238dc87a516895fe457f130435ffbd763a4d4"

rx@2.3.24:
  version "2.3.24"
  resolved "https://registry.yarnpkg.com/rx/-/rx-2.3.24.tgz#14f950a4217d7e35daa71bbcbe58eff68ea4b2b7"

rxjs@5.0.0-beta.12:
  version "5.0.0-beta.12"
  resolved "https://registry.yarnpkg.com/rxjs/-/rxjs-5.0.0-beta.12.tgz#cdfde2d8c4639d20ae7794bff8fddf32da7ad337"
  dependencies:
    symbol-observable "^1.0.1"

send@0.13.1:
  version "0.13.1"
  resolved "https://registry.yarnpkg.com/send/-/send-0.13.1.tgz#a30d5f4c82c8a9bae9ad00a1d9b1bdbe6f199ed7"
  dependencies:
    debug "~2.2.0"
    depd "~1.1.0"
    destroy "~1.0.4"
    escape-html "~1.0.3"
    etag "~1.7.0"
    fresh "0.3.0"
    http-errors "~1.3.1"
    mime "1.3.4"
    ms "0.7.1"
    on-finished "~2.3.0"
    range-parser "~1.0.3"
    statuses "~1.2.1"

send@0.13.2:
  version "0.13.2"
  resolved "https://registry.yarnpkg.com/send/-/send-0.13.2.tgz#765e7607c8055452bba6f0b052595350986036de"
  dependencies:
    debug "~2.2.0"
    depd "~1.1.0"
    destroy "~1.0.4"
    escape-html "~1.0.3"
    etag "~1.7.0"
    fresh "0.3.0"
    http-errors "~1.3.1"
    mime "1.3.4"
    ms "0.7.1"
    on-finished "~2.3.0"
    range-parser "~1.0.3"
    statuses "~1.2.1"

serve-static@~1.10.2:
  version "1.10.3"
  resolved "https://registry.yarnpkg.com/serve-static/-/serve-static-1.10.3.tgz#ce5a6ecd3101fed5ec09827dac22a9c29bfb0535"
  dependencies:
    escape-html "~1.0.3"
    parseurl "~1.3.1"
    send "0.13.2"

statuses@1, "statuses@>= 1.2.1 < 2":
  version "1.3.1"
  resolved "https://registry.yarnpkg.com/statuses/-/statuses-1.3.1.tgz#faf51b9eb74aaef3b3acf4ad5f61abf24cb7b93e"

statuses@~1.2.1:
  version "1.2.1"
  resolved "https://registry.yarnpkg.com/statuses/-/statuses-1.2.1.tgz#dded45cc18256d51ed40aec142489d5c61026d28"

strip-ansi@^0.3.0:
  version "0.3.0"
  resolved "https://registry.yarnpkg.com/strip-ansi/-/strip-ansi-0.3.0.tgz#25f48ea22ca79187f3174a4db8759347bb126220"
  dependencies:
    ansi-regex "^0.2.1"

supports-color@^0.2.0:
  version "0.2.0"
  resolved "https://registry.yarnpkg.com/supports-color/-/supports-color-0.2.0.tgz#d92de2694eb3f67323973d7ae3d8b55b4c22190a"

symbol-observable@^1.0.1:
  version "1.0.4"
  resolved "https://registry.yarnpkg.com/symbol-observable/-/symbol-observable-1.0.4.tgz#29bf615d4aa7121bdd898b22d4b3f9bc4e2aa03d"

systemjs@0.19.40:
  version "0.19.40"
  resolved "https://registry.yarnpkg.com/systemjs/-/systemjs-0.19.40.tgz#158f64a9f4ef541a7fda6b40e527ee46b6c54cd0"
  dependencies:
    when "^3.7.5"

type-is@~1.6.11, type-is@~1.6.6:
  version "1.6.14"
  resolved "https://registry.yarnpkg.com/type-is/-/type-is-1.6.14.tgz#e219639c17ded1ca0789092dd54a03826b817cb2"
  dependencies:
    media-typer "0.3.0"
    mime-types "~2.1.13"

typescript@~2.0.3:
  version "2.0.10"
  resolved "https://registry.yarnpkg.com/typescript/-/typescript-2.0.10.tgz#ccdd4ed86fd5550a407101a0814012e1b3fac3dd"

uid-safe@~2.0.0:
  version "2.0.0"
  resolved "https://registry.yarnpkg.com/uid-safe/-/uid-safe-2.0.0.tgz#a7f3c6ca64a1f6a5d04ec0ef3e4c3d5367317137"
  dependencies:
    base64-url "1.2.1"

unpipe@1.0.0, unpipe@~1.0.0:
  version "1.0.0"
  resolved "https://registry.yarnpkg.com/unpipe/-/unpipe-1.0.0.tgz#b2bf4ee8514aae6165b4817829d21b2ef49904ec"

utils-merge@1.0.0:
  version "1.0.0"
  resolved "https://registry.yarnpkg.com/utils-merge/-/utils-merge-1.0.0.tgz#0294fb922bb9375153541c4f7096231f287c8af8"

vary@~1.0.1:
  version "1.0.1"
  resolved "https://registry.yarnpkg.com/vary/-/vary-1.0.1.tgz#99e4981566a286118dfb2b817357df7993376d10"

when@^3.7.5:
  version "3.7.7"
  resolved "https://registry.yarnpkg.com/when/-/when-3.7.7.tgz#aba03fc3bb736d6c88b091d013d8a8e590d84718"

zone.js@~0.6.26:
  version "0.6.26"
  resolved "https://registry.yarnpkg.com/zone.js/-/zone.js-0.6.26.tgz#067c13b8b80223a89b62e9dc82680f09762c4636"
